
Microsoft Visual Studio Solution File, Format Version 12.00
# Visual Studio Version 16
VisualStudioVersion = 16.0.30320.27
MinimumVisualStudioVersion = 10.0.40219.1
Project("{FAE04EC0-301F-11D3-BF4B-00C04F79EFBC}") = "AllientCart", "AllientCart\AllientCart.csproj", "{10F9086C-A353-4712-9668-9BDD528B595F}"
EndProject
Project("{FAE04EC0-301F-11D3-BF4B-00C04F79EFBC}") = "AllientCart.Tests", "AllientCart.Tests\AllientCart.Tests.csproj", "{7CF4178D-C905-4840-AB04-D3A6979776F2}"
EndProject
Global
	GlobalSection(SolutionConfigurationPlatforms) = preSolution
		Debug|Any CPU = Debug|Any CPU
		Release|Any CPU = Release|Any CPU
	EndGlobalSection
	GlobalSection(ProjectConfigurationPlatforms) = postSolution
		{10F9086C-A353-4712-9668-9BDD528B595F}.Debug|Any CPU.ActiveCfg = Debug|Any CPU
		{10F9086C-A353-4712-9668-9BDD528B595F}.Debug|Any CPU.Build.0 = Debug|Any CPU
		{10F9086C-A353-4712-9668-9BDD528B595F}.Release|Any CPU.ActiveCfg = Release|Any CPU
		{10F9086C-A353-4712-9668-9BDD528B595F}.Release|Any CPU.Build.0 = Release|Any CPU
		{7CF4178D-C905-4840-AB04-D3A6979776F2}.Debug|Any CPU.ActiveCfg = Debug|Any CPU
		{7CF4178D-C905-4840-AB04-D3A6979776F2}.Debug|Any CPU.Build.0 = Debug|Any CPU
		{7CF4178D-C905-4840-AB04-D3A6979776F2}.Release|Any CPU.ActiveCfg = Release|Any CPU
		{7CF4178D-C905-4840-AB04-D3A6979776F2}.Release|Any CPU.Build.0 = Release|Any CPU
	EndGlobalSection
	GlobalSection(SolutionProperties) = preSolution
		HideSolutionNode = FALSE
	EndGlobalSection
	GlobalSection(ExtensibilityGlobals) = postSolution
		SolutionGuid = {46F8F426-5866-459A-9C6C-8DE7297BA0BF}
	EndGlobalSection
EndGlobal
